// !$*UTF8*$!
{
	archiveVersion = 1;
	classes = {
	};
	objectVersion = 50;
	objects = {

/* Begin PBXBuildFile section */
		FC9CEAF126C3D02E00FF9BA1 /* AppDelegate.m in Sources */ = {isa = PBXBuildFile; fileRef = FC9CEAF026C3D02E00FF9BA1 /* AppDelegate.m */; };
		FC9CEAF426C3D02E00FF9BA1 /* SceneDelegate.m in Sources */ = {isa = PBXBuildFile; fileRef = FC9CEAF326C3D02E00FF9BA1 /* SceneDelegate.m */; };
		FC9CEAF726C3D02E00FF9BA1 /* ViewController.m in Sources */ = {isa = PBXBuildFile; fileRef = FC9CEAF626C3D02E00FF9BA1 /* ViewController.m */; };
		FC9CEAFA26C3D02E00FF9BA1 /* Main.storyboard in Resources */ = {isa = PBXBuildFile; fileRef = FC9CEAF826C3D02E00FF9BA1 /* Main.storyboard */; };
		FC9CEAFC26C3D03000FF9BA1 /* Assets.xcassets in Resources */ = {isa = PBXBuildFile; fileRef = FC9CEAFB26C3D03000FF9BA1 /* Assets.xcassets */; };
		FC9CEAFF26C3D03000FF9BA1 /* LaunchScreen.storyboard in Resources */ = {isa = PBXBuildFile; fileRef = FC9CEAFD26C3D03000FF9BA1 /* LaunchScreen.storyboard */; };
		FC9CEB0226C3D03000FF9BA1 /* main.m in Sources */ = {isa = PBXBuildFile; fileRef = FC9CEB0126C3D03000FF9BA1 /* main.m */; };
		FC9CEB0A26C3D0D900FF9BA1 /* FreeStackViewController.m in Sources */ = {isa = PBXBuildFile; fileRef = FC9CEB0926C3D0D900FF9BA1 /* FreeStackViewController.m */; };
		FC9CEB0D26C3D4DB00FF9BA1 /* GDFreeStackView.m in Sources */ = {isa = PBXBuildFile; fileRef = FC9CEB0C26C3D4DB00FF9BA1 /* GDFreeStackView.m */; };
		FC9CFA2426C608CD00FF9BA1 /* MallocBlockViewController.m in Sources */ = {isa = PBXBuildFile; fileRef = FC9CFA2326C608CD00FF9BA1 /* MallocBlockViewController.m */; };
		FC9CFA2926CA365200FF9BA1 /* TransformTestViewController.m in Sources */ = {isa = PBXBuildFile; fileRef = FC9CFA2826CA365200FF9BA1 /* TransformTestViewController.m */; };
		FC9CFF0826CD0C7900FF9BA1 /* FlagOriginView.m in Sources */ = {isa = PBXBuildFile; fileRef = FC9CFF0726CD0C7900FF9BA1 /* FlagOriginView.m */; };
		FC9CFF0B26CD0D2100FF9BA1 /* UIBezierPathDraw.m in Sources */ = {isa = PBXBuildFile; fileRef = FC9CFF0A26CD0D2100FF9BA1 /* UIBezierPathDraw.m */; };
		FC9EF25E26D34694009971A2 /* ImagePerformanceTestVC.m in Sources */ = {isa = PBXBuildFile; fileRef = FC9EF25D26D34694009971A2 /* ImagePerformanceTestVC.m */; };
/* End PBXBuildFile section */

/* Begin PBXFileReference section */
		FC9CEAEC26C3D02E00FF9BA1 /* GDTest.app */ = {isa = PBXFileReference; explicitFileType = wrapper.application; includeInIndex = 0; path = GDTest.app; sourceTree = BUILT_PRODUCTS_DIR; };
		FC9CEAEF26C3D02E00FF9BA1 /* AppDelegate.h */ = {isa = PBXFileReference; lastKnownFileType = sourcecode.c.h; path = AppDelegate.h; sourceTree = "<group>"; };
		FC9CEAF026C3D02E00FF9BA1 /* AppDelegate.m */ = {isa = PBXFileReference; lastKnownFileType = sourcecode.c.objc; path = AppDelegate.m; sourceTree = "<group>"; };
		FC9CEAF226C3D02E00FF9BA1 /* SceneDelegate.h */ = {isa = PBXFileReference; lastKnownFileType = sourcecode.c.h; path = SceneDelegate.h; sourceTree = "<group>"; };
		FC9CEAF326C3D02E00FF9BA1 /* SceneDelegate.m */ = {isa = PBXFileReference; lastKnownFileType = sourcecode.c.objc; path = SceneDelegate.m; sourceTree = "<group>"; };
		FC9CEAF526C3D02E00FF9BA1 /* ViewController.h */ = {isa = PBXFileReference; lastKnownFileType = sourcecode.c.h; path = ViewController.h; sourceTree = "<group>"; };
		FC9CEAF626C3D02E00FF9BA1 /* ViewController.m */ = {isa = PBXFileReference; lastKnownFileType = sourcecode.c.objc; path = ViewController.m; sourceTree = "<group>"; };
		FC9CEAF926C3D02E00FF9BA1 /* Base */ = {isa = PBXFileReference; lastKnownFileType = file.storyboard; name = Base; path = Base.lproj/Main.storyboard; sourceTree = "<group>"; };
		FC9CEAFB26C3D03000FF9BA1 /* Assets.xcassets */ = {isa = PBXFileReference; lastKnownFileType = folder.assetcatalog; path = Assets.xcassets; sourceTree = "<group>"; };
		FC9CEAFE26C3D03000FF9BA1 /* Base */ = {isa = PBXFileReference; lastKnownFileType = file.storyboard; name = Base; path = Base.lproj/LaunchScreen.storyboard; sourceTree = "<group>"; };
		FC9CEB0026C3D03000FF9BA1 /* Info.plist */ = {isa = PBXFileReference; lastKnownFileType = text.plist.xml; path = Info.plist; sourceTree = "<group>"; };
		FC9CEB0126C3D03000FF9BA1 /* main.m */ = {isa = PBXFileReference; lastKnownFileType = sourcecode.c.objc; path = main.m; sourceTree = "<group>"; };
		FC9CEB0826C3D0D900FF9BA1 /* FreeStackViewController.h */ = {isa = PBXFileReference; lastKnownFileType = sourcecode.c.h; path = FreeStackViewController.h; sourceTree = "<group>"; };
		FC9CEB0926C3D0D900FF9BA1 /* FreeStackViewController.m */ = {isa = PBXFileReference; lastKnownFileType = sourcecode.c.objc; path = FreeStackViewController.m; sourceTree = "<group>"; };
		FC9CEB0B26C3D4DB00FF9BA1 /* GDFreeStackView.h */ = {isa = PBXFileReference; lastKnownFileType = sourcecode.c.h; path = GDFreeStackView.h; sourceTree = "<group>"; };
		FC9CEB0C26C3D4DB00FF9BA1 /* GDFreeStackView.m */ = {isa = PBXFileReference; lastKnownFileType = sourcecode.c.objc; path = GDFreeStackView.m; sourceTree = "<group>"; };
		FC9CFA2226C608CD00FF9BA1 /* MallocBlockViewController.h */ = {isa = PBXFileReference; lastKnownFileType = sourcecode.c.h; path = MallocBlockViewController.h; sourceTree = "<group>"; };
		FC9CFA2326C608CD00FF9BA1 /* MallocBlockViewController.m */ = {isa = PBXFileReference; lastKnownFileType = sourcecode.c.objc; path = MallocBlockViewController.m; sourceTree = "<group>"; };
		FC9CFA2626CA362500FF9BA1 /* CGAffineTransformExtension.h */ = {isa = PBXFileReference; lastKnownFileType = sourcecode.c.h; path = CGAffineTransformExtension.h; sourceTree = "<group>"; };
		FC9CFA2726CA365200FF9BA1 /* TransformTestViewController.h */ = {isa = PBXFileReference; lastKnownFileType = sourcecode.c.h; path = TransformTestViewController.h; sourceTree = "<group>"; };
		FC9CFA2826CA365200FF9BA1 /* TransformTestViewController.m */ = {isa = PBXFileReference; lastKnownFileType = sourcecode.c.objc; path = TransformTestViewController.m; sourceTree = "<group>"; };
		FC9CFF0626CD0C7900FF9BA1 /* FlagOriginView.h */ = {isa = PBXFileReference; lastKnownFileType = sourcecode.c.h; path = FlagOriginView.h; sourceTree = "<group>"; };
		FC9CFF0726CD0C7900FF9BA1 /* FlagOriginView.m */ = {isa = PBXFileReference; lastKnownFileType = sourcecode.c.objc; path = FlagOriginView.m; sourceTree = "<group>"; };
		FC9CFF0926CD0D2100FF9BA1 /* UIBezierPathDraw.h */ = {isa = PBXFileReference; lastKnownFileType = sourcecode.c.h; path = UIBezierPathDraw.h; sourceTree = "<group>"; };
		FC9CFF0A26CD0D2100FF9BA1 /* UIBezierPathDraw.m */ = {isa = PBXFileReference; lastKnownFileType = sourcecode.c.objc; path = UIBezierPathDraw.m; sourceTree = "<group>"; };
		FC9EF25C26D34694009971A2 /* ImagePerformanceTestVC.h */ = {isa = PBXFileReference; lastKnownFileType = sourcecode.c.h; path = ImagePerformanceTestVC.h; sourceTree = "<group>"; };
		FC9EF25D26D34694009971A2 /* ImagePerformanceTestVC.m */ = {isa = PBXFileReference; lastKnownFileType = sourcecode.c.objc; path = ImagePerformanceTestVC.m; sourceTree = "<group>"; };
/* End PBXFileReference section */

/* Begin PBXFrameworksBuildPhase section */
		FC9CEAE926C3D02E00FF9BA1 /* Frameworks */ = {
			isa = PBXFrameworksBuildPhase;
			buildActionMask = 2147483647;
			files = (
			);
			runOnlyForDeploymentPostprocessing = 0;
		};
/* End PBXFrameworksBuildPhase section */

/* Begin PBXGroup section */
		FC9CEAE326C3D02E00FF9BA1 = {
			isa = PBXGroup;
			children = (
				FC9CEAEE26C3D02E00FF9BA1 /* GDTest */,
				FC9CEAED26C3D02E00FF9BA1 /* Products */,
			);
			sourceTree = "<group>";
		};
		FC9CEAED26C3D02E00FF9BA1 /* Products */ = {
			isa = PBXGroup;
			children = (
				FC9CEAEC26C3D02E00FF9BA1 /* GDTest.app */,
			);
			name = Products;
			sourceTree = "<group>";
		};
		FC9CEAEE26C3D02E00FF9BA1 /* GDTest */ = {
			isa = PBXGroup;
			children = (
				FC9CEAEF26C3D02E00FF9BA1 /* AppDelegate.h */,
				FC9CEAF026C3D02E00FF9BA1 /* AppDelegate.m */,
				FC9CEAF226C3D02E00FF9BA1 /* SceneDelegate.h */,
				FC9CEAF326C3D02E00FF9BA1 /* SceneDelegate.m */,
				FC9CEAF526C3D02E00FF9BA1 /* ViewController.h */,
				FC9CEAF626C3D02E00FF9BA1 /* ViewController.m */,
				FC9CFA2526C60ED700FF9BA1 /* 自由StackView */,
				FC9CFA2B26CA368600FF9BA1 /* block引发的崩溃 */,
				FC9CFA2A26CA367500FF9BA1 /* Transform扩展测试 */,
				FC9EF25F26D346AB009971A2 /* 图片性能测试 */,
				FC9CEAF826C3D02E00FF9BA1 /* Main.storyboard */,
				FC9CEAFB26C3D03000FF9BA1 /* Assets.xcassets */,
				FC9CEAFD26C3D03000FF9BA1 /* LaunchScreen.storyboard */,
				FC9CEB0026C3D03000FF9BA1 /* Info.plist */,
				FC9CEB0126C3D03000FF9BA1 /* main.m */,
			);
			path = GDTest;
			sourceTree = "<group>";
		};
		FC9CFA2526C60ED700FF9BA1 /* 自由StackView */ = {
			isa = PBXGroup;
			children = (
				FC9CEB0826C3D0D900FF9BA1 /* FreeStackViewController.h */,
				FC9CEB0926C3D0D900FF9BA1 /* FreeStackViewController.m */,
				FC9CEB0B26C3D4DB00FF9BA1 /* GDFreeStackView.h */,
				FC9CEB0C26C3D4DB00FF9BA1 /* GDFreeStackView.m */,
			);
			path = "自由StackView";
			sourceTree = "<group>";
		};
		FC9CFA2A26CA367500FF9BA1 /* Transform扩展测试 */ = {
			isa = PBXGroup;
			children = (
				FC9CFA2726CA365200FF9BA1 /* TransformTestViewController.h */,
				FC9CFA2826CA365200FF9BA1 /* TransformTestViewController.m */,
				FC9CFF0626CD0C7900FF9BA1 /* FlagOriginView.h */,
				FC9CFF0726CD0C7900FF9BA1 /* FlagOriginView.m */,
				FC9CFF0926CD0D2100FF9BA1 /* UIBezierPathDraw.h */,
				FC9CFF0A26CD0D2100FF9BA1 /* UIBezierPathDraw.m */,
				FC9CFA2626CA362500FF9BA1 /* CGAffineTransformExtension.h */,
			);
			path = "Transform扩展测试";
			sourceTree = "<group>";
		};
		FC9CFA2B26CA368600FF9BA1 /* block引发的崩溃 */ = {
			isa = PBXGroup;
			children = (
				FC9CFA2226C608CD00FF9BA1 /* MallocBlockViewController.h */,
				FC9CFA2326C608CD00FF9BA1 /* MallocBlockViewController.m */,
			);
			path = "block引发的崩溃";
			sourceTree = "<group>";
		};
		FC9EF25F26D346AB009971A2 /* 图片性能测试 */ = {
			isa = PBXGroup;
			children = (
				FC9EF25C26D34694009971A2 /* ImagePerformanceTestVC.h */,
				FC9EF25D26D34694009971A2 /* ImagePerformanceTestVC.m */,
			);
			path = "图片性能测试";
			sourceTree = "<group>";
		};
/* End PBXGroup section */

/* Begin PBXNativeTarget section */
		FC9CEAEB26C3D02E00FF9BA1 /* GDTest */ = {
			isa = PBXNativeTarget;
			buildConfigurationList = FC9CEB0526C3D03000FF9BA1 /* Build configuration list for PBXNativeTarget "GDTest" */;
			buildPhases = (
				FC9CEAE826C3D02E00FF9BA1 /* Sources */,
				FC9CEAE926C3D02E00FF9BA1 /* Frameworks */,
				FC9CEAEA26C3D02E00FF9BA1 /* Resources */,
			);
			buildRules = (
			);
			dependencies = (
			);
			name = GDTest;
			productName = GDTest;
			productReference = FC9CEAEC26C3D02E00FF9BA1 /* GDTest.app */;
			productType = "com.apple.product-type.application";
		};
/* End PBXNativeTarget section */

/* Begin PBXProject section */
		FC9CEAE426C3D02E00FF9BA1 /* Project object */ = {
			isa = PBXProject;
			attributes = {
				LastUpgradeCheck = 1250;
				TargetAttributes = {
					FC9CEAEB26C3D02E00FF9BA1 = {
						CreatedOnToolsVersion = 12.5.1;
					};
				};
			};
			buildConfigurationList = FC9CEAE726C3D02E00FF9BA1 /* Build configuration list for PBXProject "GDTest" */;
			compatibilityVersion = "Xcode 9.3";
			developmentRegion = en;
			hasScannedForEncodings = 0;
			knownRegions = (
				en,
				Base,
			);
			mainGroup = FC9CEAE326C3D02E00FF9BA1;
			productRefGroup = FC9CEAED26C3D02E00FF9BA1 /* Products */;
			projectDirPath = "";
			projectRoot = "";
			targets = (
				FC9CEAEB26C3D02E00FF9BA1 /* GDTest */,
			);
		};
/* End PBXProject section */

/* Begin PBXResourcesBuildPhase section */
		FC9CEAEA26C3D02E00FF9BA1 /* Resources */ = {
			isa = PBXResourcesBuildPhase;
			buildActionMask = 2147483647;
			files = (
				FC9CEAFF26C3D03000FF9BA1 /* LaunchScreen.storyboard in Resources */,
				FC9CEAFC26C3D03000FF9BA1 /* Assets.xcassets in Resources */,
				FC9CEAFA26C3D02E00FF9BA1 /* Main.storyboard in Resources */,
			);
			runOnlyForDeploymentPostprocessing = 0;
		};
/* End PBXResourcesBuildPhase section */

/* Begin PBXSourcesBuildPhase section */
		FC9CEAE826C3D02E00FF9BA1 /* Sources */ = {
			isa = PBXSourcesBuildPhase;
			buildActionMask = 2147483647;
			files = (
				FC9CEAF726C3D02E00FF9BA1 /* ViewController.m in Sources */,
				FC9CEB0A26C3D0D900FF9BA1 /* FreeStackViewController.m in Sources */,
				FC9EF25E26D34694009971A2 /* ImagePerformanceTestVC.m in Sources */,
				FC9CFF0826CD0C7900FF9BA1 /* FlagOriginView.m in Sources */,
				FC9CFF0B26CD0D2100FF9BA1 /* UIBezierPathDraw.m in Sources */,
				FC9CEAF126C3D02E00FF9BA1 /* AppDelegate.m in Sources */,
				FC9CFA2926CA365200FF9BA1 /* TransformTestViewController.m in Sources */,
				FC9CFA2426C608CD00FF9BA1 /* MallocBlockViewController.m in Sources */,
				FC9CEB0226C3D03000FF9BA1 /* main.m in Sources */,
				FC9CEB0D26C3D4DB00FF9BA1 /* GDFreeStackView.m in Sources */,
				FC9CEAF426C3D02E00FF9BA1 /* SceneDelegate.m in Sources */,
			);
			runOnlyForDeploymentPostprocessing = 0;
		};
/* End PBXSourcesBuildPhase section */

/* Begin PBXVariantGroup section */
		FC9CEAF826C3D02E00FF9BA1 /* Main.storyboard */ = {
			isa = PBXVariantGroup;
			children = (
				FC9CEAF926C3D02E00FF9BA1 /* Base */,
			);
			name = Main.storyboard;
			sourceTree = "<group>";
		};
		FC9CEAFD26C3D03000FF9BA1 /* LaunchScreen.storyboard */ = {
			isa = PBXVariantGroup;
			children = (
				FC9CEAFE26C3D03000FF9BA1 /* Base */,
			);
			name = LaunchScreen.storyboard;
			sourceTree = "<group>";
		};
/* End PBXVariantGroup section */

/* Begin XCBuildConfiguration section */
		FC9CEB0326C3D03000FF9BA1 /* Debug */ = {
			isa = XCBuildConfiguration;
			buildSettings = {
				ALWAYS_SEARCH_USER_PATHS = NO;
				CLANG_ANALYZER_NONNULL = YES;
				CLANG_ANALYZER_NUMBER_OBJECT_CONVERSION = YES_AGGRESSIVE;
				CLANG_CXX_LANGUAGE_STANDARD = "gnu++14";
				CLANG_CXX_LIBRARY = "libc++";
				CLANG_ENABLE_MODULES = YES;
				CLANG_ENABLE_OBJC_ARC = YES;
				CLANG_ENABLE_OBJC_WEAK = YES;
				CLANG_WARN_BLOCK_CAPTURE_AUTORELEASING = YES;
				CLANG_WARN_BOOL_CONVERSION = YES;
				CLANG_WARN_COMMA = YES;
				CLANG_WARN_CONSTANT_CONVERSION = YES;
				CLANG_WARN_DEPRECATED_OBJC_IMPLEMENTATIONS = YES;
				CLANG_WARN_DIRECT_OBJC_ISA_USAGE = YES_ERROR;
				CLANG_WARN_DOCUMENTATION_COMMENTS = YES;
				CLANG_WARN_EMPTY_BODY = YES;
				CLANG_WARN_ENUM_CONVERSION = YES;
				CLANG_WARN_INFINITE_RECURSION = YES;
				CLANG_WARN_INT_CONVERSION = YES;
				CLANG_WARN_NON_LITERAL_NULL_CONVERSION = YES;
				CLANG_WARN_OBJC_IMPLICIT_RETAIN_SELF = YES;
				CLANG_WARN_OBJC_LITERAL_CONVERSION = YES;
				CLANG_WARN_OBJC_ROOT_CLASS = YES_ERROR;
				CLANG_WARN_QUOTED_INCLUDE_IN_FRAMEWORK_HEADER = YES;
				CLANG_WARN_RANGE_LOOP_ANALYSIS = YES;
				CLANG_WARN_STRICT_PROTOTYPES = YES;
				CLANG_WARN_SUSPICIOUS_MOVE = YES;
				CLANG_WARN_UNGUARDED_AVAILABILITY = YES_AGGRESSIVE;
				CLANG_WARN_UNREACHABLE_CODE = YES;
				CLANG_WARN__DUPLICATE_METHOD_MATCH = YES;
				COPY_PHASE_STRIP = NO;
				DEBUG_INFORMATION_FORMAT = dwarf;
				ENABLE_STRICT_OBJC_MSGSEND = YES;
				ENABLE_TESTABILITY = YES;
				GCC_C_LANGUAGE_STANDARD = gnu11;
				GCC_DYNAMIC_NO_PIC = NO;
				GCC_NO_COMMON_BLOCKS = YES;
				GCC_OPTIMIZATION_LEVEL = 0;
				GCC_PREPROCESSOR_DEFINITIONS = (
					"DEBUG=1",
					"$(inherited)",
				);
				GCC_WARN_64_TO_32_BIT_CONVERSION = YES;
				GCC_WARN_ABOUT_RETURN_TYPE = YES_ERROR;
				GCC_WARN_UNDECLARED_SELECTOR = YES;
				GCC_WARN_UNINITIALIZED_AUTOS = YES_AGGRESSIVE;
				GCC_WARN_UNUSED_FUNCTION = YES;
				GCC_WARN_UNUSED_VARIABLE = YES;
				IPHONEOS_DEPLOYMENT_TARGET = 14.5;
				MTL_ENABLE_DEBUG_INFO = INCLUDE_SOURCE;
				MTL_FAST_MATH = YES;
				ONLY_ACTIVE_ARCH = YES;
				SDKROOT = iphoneos;
			};
			name = Debug;
		};
		FC9CEB0426C3D03000FF9BA1 /* Release */ = {
			isa = XCBuildConfiguration;
			buildSettings = {
				ALWAYS_SEARCH_USER_PATHS = NO;
				CLANG_ANALYZER_NONNULL = YES;
				CLANG_ANALYZER_NUMBER_OBJECT_CONVERSION = YES_AGGRESSIVE;
				CLANG_CXX_LANGUAGE_STANDARD = "gnu++14";
				CLANG_CXX_LIBRARY = "libc++";
				CLANG_ENABLE_MODULES = YES;
				CLANG_ENABLE_OBJC_ARC = YES;
				CLANG_ENABLE_OBJC_WEAK = YES;
				CLANG_WARN_BLOCK_CAPTURE_AUTORELEASING = YES;
				CLANG_WARN_BOOL_CONVERSION = YES;
				CLANG_WARN_COMMA = YES;
				CLANG_WARN_CONSTANT_CONVERSION = YES;
				CLANG_WARN_DEPRECATED_OBJC_IMPLEMENTATIONS = YES;
				CLANG_WARN_DIRECT_OBJC_ISA_USAGE = YES_ERROR;
				CLANG_WARN_DOCUMENTATION_COMMENTS = YES;
				CLANG_WARN_EMPTY_BODY = YES;
				CLANG_WARN_ENUM_CONVERSION = YES;
				CLANG_WARN_INFINITE_RECURSION = YES;
				CLANG_WARN_INT_CONVERSION = YES;
				CLANG_WARN_NON_LITERAL_NULL_CONVERSION = YES;
				CLANG_WARN_OBJC_IMPLICIT_RETAIN_SELF = YES;
				CLANG_WARN_OBJC_LITERAL_CONVERSION = YES;
				CLANG_WARN_OBJC_ROOT_CLASS = YES_ERROR;
				CLANG_WARN_QUOTED_INCLUDE_IN_FRAMEWORK_HEADER = YES;
				CLANG_WARN_RANGE_LOOP_ANALYSIS = YES;
				CLANG_WARN_STRICT_PROTOTYPES = YES;
				CLANG_WARN_SUSPICIOUS_MOVE = YES;
				CLANG_WARN_UNGUARDED_AVAILABILITY = YES_AGGRESSIVE;
				CLANG_WARN_UNREACHABLE_CODE = YES;
				CLANG_WARN__DUPLICATE_METHOD_MATCH = YES;
				COPY_PHASE_STRIP = NO;
				DEBUG_INFORMATION_FORMAT = "dwarf-with-dsym";
				ENABLE_NS_ASSERTIONS = NO;
				ENABLE_STRICT_OBJC_MSGSEND = YES;
				GCC_C_LANGUAGE_STANDARD = gnu11;
				GCC_NO_COMMON_BLOCKS = YES;
				GCC_WARN_64_TO_32_BIT_CONVERSION = YES;
				GCC_WARN_ABOUT_RETURN_TYPE = YES_ERROR;
				GCC_WARN_UNDECLARED_SELECTOR = YES;
				GCC_WARN_UNINITIALIZED_AUTOS = YES_AGGRESSIVE;
				GCC_WARN_UNUSED_FUNCTION = YES;
				GCC_WARN_UNUSED_VARIABLE = YES;
				IPHONEOS_DEPLOYMENT_TARGET = 14.5;
				MTL_ENABLE_DEBUG_INFO = NO;
				MTL_FAST_MATH = YES;
				SDKROOT = iphoneos;
				VALIDATE_PRODUCT = YES;
			};
			name = Release;
		};
		FC9CEB0626C3D03000FF9BA1 /* Debug */ = {
			isa = XCBuildConfiguration;
			buildSettings = {
				ASSETCATALOG_COMPILER_APPICON_NAME = AppIcon;
				ASSETCATALOG_COMPILER_GLOBAL_ACCENT_COLOR_NAME = AccentColor;
				CODE_SIGN_STYLE = Automatic;
				DEVELOPMENT_TEAM = YH6XM8252K;
				INFOPLIST_FILE = GDTest/Info.plist;
				LD_RUNPATH_SEARCH_PATHS = (
					"$(inherited)",
					"@executable_path/Frameworks",
				);
				PRODUCT_BUNDLE_IDENTIFIER = gd.xinqing.com.GDTest;
				PRODUCT_NAME = "$(TARGET_NAME)";
				TARGETED_DEVICE_FAMILY = "1,2";
			};
			name = Debug;
		};
		FC9CEB0726C3D03000FF9BA1 /* Release */ = {
			isa = XCBuildConfiguration;
			buildSettings = {
				ASSETCATALOG_COMPILER_APPICON_NAME = AppIcon;
				ASSETCATALOG_COMPILER_GLOBAL_ACCENT_COLOR_NAME = AccentColor;
				CODE_SIGN_STYLE = Automatic;
				DEVELOPMENT_TEAM = YH6XM8252K;
				INFOPLIST_FILE = GDTest/Info.plist;
				LD_RUNPATH_SEARCH_PATHS = (
					"$(inherited)",
					"@executable_path/Frameworks",
				);
				PRODUCT_BUNDLE_IDENTIFIER = gd.xinqing.com.GDTest;
				PRODUCT_NAME = "$(TARGET_NAME)";
				TARGETED_DEVICE_FAMILY = "1,2";
			};
			name = Release;
		};
/* End XCBuildConfiguration section */

/* Begin XCConfigurationList section */
		FC9CEAE726C3D02E00FF9BA1 /* Build configuration list for PBXProject "GDTest" */ = {
			isa = XCConfigurationList;
			buildConfigurations = (
				FC9CEB0326C3D03000FF9BA1 /* Debug */,
				FC9CEB0426C3D03000FF9BA1 /* Release */,
			);
			defaultConfigurationIsVisible = 0;
			defaultConfigurationName = Release;
		};
		FC9CEB0526C3D03000FF9BA1 /* Build configuration list for PBXNativeTarget "GDTest" */ = {
			isa = XCConfigurationList;
			buildConfigurations = (
				FC9CEB0626C3D03000FF9BA1 /* Debug */,
				FC9CEB0726C3D03000FF9BA1 /* Release */,
			);
			defaultConfigurationIsVisible = 0;
			defaultConfigurationName = Release;
		};
/* End XCConfigurationList section */
	};
	rootObject = FC9CEAE426C3D02E00FF9BA1 /* Project object */;
}
